Microsoft Visual Studio Solution File, Format Version 12.00
# Visual Studio 2012
Project("{FAE04EC0-301F-11D3-BF4B-00C04F79EFBC}") = "TutorialDeJuego1", "TutorialDeJuego1.csproj", "{CF03AC24-80AC-438D-9203-0B88BF60036A}"
EndProject
Global
	GlobalSection(SolutionConfigurationPlatforms) = preSolution
	Debug|Any CPU = Debug|Any CPU
	ExportDebug|Any CPU = ExportDebug|Any CPU
	ExportRelease|Any CPU = ExportRelease|Any CPU
	EndGlobalSection
	GlobalSection(ProjectConfigurationPlatforms) = postSolution
		{CF03AC24-80AC-438D-9203-0B88BF60036A}.Debug|Any CPU.ActiveCfg = Debug|Any CPU
		{CF03AC24-80AC-438D-9203-0B88BF60036A}.Debug|Any CPU.Build.0 = Debug|Any CPU
		{CF03AC24-80AC-438D-9203-0B88BF60036A}.ExportDebug|Any CPU.ActiveCfg = ExportDebug|Any CPU
		{CF03AC24-80AC-438D-9203-0B88BF60036A}.ExportDebug|Any CPU.Build.0 = ExportDebug|Any CPU
		{CF03AC24-80AC-438D-9203-0B88BF60036A}.ExportRelease|Any CPU.ActiveCfg = ExportRelease|Any CPU
		{CF03AC24-80AC-438D-9203-0B88BF60036A}.ExportRelease|Any CPU.Build.0 = ExportRelease|Any CPU
	EndGlobalSection
EndGlobal
