Microsoft Visual Studio Solution File, Format Version 12.00
# Visual Studio 2012
Project("{FAE04EC0-301F-11D3-BF4B-00C04F79EFBC}") = "Desafio3", "Desafio3.csproj", "{A397155C-4FBD-458C-955B-3A1F36683F33}"
EndProject
Global
	GlobalSection(SolutionConfigurationPlatforms) = preSolution
	Debug|Any CPU = Debug|Any CPU
	ExportDebug|Any CPU = ExportDebug|Any CPU
	ExportRelease|Any CPU = ExportRelease|Any CPU
	EndGlobalSection
	GlobalSection(ProjectConfigurationPlatforms) = postSolution
		{A397155C-4FBD-458C-955B-3A1F36683F33}.Debug|Any CPU.ActiveCfg = Debug|Any CPU
		{A397155C-4FBD-458C-955B-3A1F36683F33}.Debug|Any CPU.Build.0 = Debug|Any CPU
		{A397155C-4FBD-458C-955B-3A1F36683F33}.ExportDebug|Any CPU.ActiveCfg = ExportDebug|Any CPU
		{A397155C-4FBD-458C-955B-3A1F36683F33}.ExportDebug|Any CPU.Build.0 = ExportDebug|Any CPU
		{A397155C-4FBD-458C-955B-3A1F36683F33}.ExportRelease|Any CPU.ActiveCfg = ExportRelease|Any CPU
		{A397155C-4FBD-458C-955B-3A1F36683F33}.ExportRelease|Any CPU.Build.0 = ExportRelease|Any CPU
	EndGlobalSection
EndGlobal
